
Microsoft Visual Studio Solution File, Format Version 12.00
# Visual Studio Version 16
VisualStudioVersion = 16.0.30011.22
MinimumVisualStudioVersion = 10.0.40219.1
Project("{FAE04EC0-301F-11D3-BF4B-00C04F79EFBC}") = "WindowsAzureAppVM", "WindowsAzureAppVM\WindowsAzureAppVM.csproj", "{2B8FC959-C40A-40E1-BB46-6C3A4E4A519C}"
EndProject
Global
	GlobalSection(SolutionConfigurationPlatforms) = preSolution
		Debug|Any CPU = Debug|Any CPU
		Release|Any CPU = Release|Any CPU
	EndGlobalSection
	GlobalSection(ProjectConfigurationPlatforms) = postSolution
		{2B8FC959-C40A-40E1-BB46-6C3A4E4A519C}.Debug|Any CPU.ActiveCfg = Debug|Any CPU
		{2B8FC959-C40A-40E1-BB46-6C3A4E4A519C}.Debug|Any CPU.Build.0 = Debug|Any CPU
		{2B8FC959-C40A-40E1-BB46-6C3A4E4A519C}.Release|Any CPU.ActiveCfg = Release|Any CPU
		{2B8FC959-C40A-40E1-BB46-6C3A4E4A519C}.Release|Any CPU.Build.0 = Release|Any CPU
	EndGlobalSection
	GlobalSection(SolutionProperties) = preSolution
		HideSolutionNode = FALSE
	EndGlobalSection
	GlobalSection(ExtensibilityGlobals) = postSolution
		SolutionGuid = {5E74BB52-D38C-498B-BBC3-7178556F4364}
	EndGlobalSection
EndGlobal
